
Microsoft Visual Studio Solution File, Format Version 12.00
# Visual Studio Version 17
VisualStudioVersion = 17.10.34928.147
MinimumVisualStudioVersion = 10.0.40219.1
Project("{FAE04EC0-301F-11D3-BF4B-00C04F79EFBC}") = "UHCLIENTESWEB", "UHCLIENTESWEB\UHCLIENTESWEB.csproj", "{57CDF6EF-E6EC-4799-B47F-6BECACB780DD}"
EndProject
Global
	GlobalSection(SolutionConfigurationPlatforms) = preSolution
		Debug|Any CPU = Debug|Any CPU
		Release|Any CPU = Release|Any CPU
	EndGlobalSection
	GlobalSection(ProjectConfigurationPlatforms) = postSolution
		{57CDF6EF-E6EC-4799-B47F-6BECACB780DD}.Debug|Any CPU.ActiveCfg = Debug|Any CPU
		{57CDF6EF-E6EC-4799-B47F-6BECACB780DD}.Debug|Any CPU.Build.0 = Debug|Any CPU
		{57CDF6EF-E6EC-4799-B47F-6BECACB780DD}.Release|Any CPU.ActiveCfg = Release|Any CPU
		{57CDF6EF-E6EC-4799-B47F-6BECACB780DD}.Release|Any CPU.Build.0 = Release|Any CPU
	EndGlobalSection
	GlobalSection(SolutionProperties) = preSolution
		HideSolutionNode = FALSE
	EndGlobalSection
	GlobalSection(ExtensibilityGlobals) = postSolution
		SolutionGuid = {E461BDAC-CADA-499E-B704-F2E47AF0BD1C}
	EndGlobalSection
EndGlobal
